
Microsoft Visual Studio Solution File, Format Version 12.00
# Visual Studio Version 17
VisualStudioVersion = 17.1.32210.238
MinimumVisualStudioVersion = 10.0.40219.1
Project("{FAE04EC0-301F-11D3-BF4B-00C04F79EFBC}") = "DisposableTask", "DisposableTask\DisposableTask.csproj", "{B4215404-B665-4B13-AF9D-AB146195B102}"
EndProject
Global
	GlobalSection(SolutionConfigurationPlatforms) = preSolution
		Debug|Any CPU = Debug|Any CPU
		Release|Any CPU = Release|Any CPU
	EndGlobalSection
	GlobalSection(ProjectConfigurationPlatforms) = postSolution
		{B4215404-B665-4B13-AF9D-AB146195B102}.Debug|Any CPU.ActiveCfg = Debug|Any CPU
		{B4215404-B665-4B13-AF9D-AB146195B102}.Debug|Any CPU.Build.0 = Debug|Any CPU
		{B4215404-B665-4B13-AF9D-AB146195B102}.Release|Any CPU.ActiveCfg = Release|Any CPU
		{B4215404-B665-4B13-AF9D-AB146195B102}.Release|Any CPU.Build.0 = Release|Any CPU
	EndGlobalSection
	GlobalSection(SolutionProperties) = preSolution
		HideSolutionNode = FALSE
	EndGlobalSection
	GlobalSection(ExtensibilityGlobals) = postSolution
		SolutionGuid = {50621895-77D1-4EE8-A040-58E0989E542E}
	EndGlobalSection
EndGlobal
