
Microsoft Visual Studio Solution File, Format Version 12.00
# Visual Studio Version 17
VisualStudioVersion = 17.1.32210.238
MinimumVisualStudioVersion = 10.0.40219.1
Project("{FAE04EC0-301F-11D3-BF4B-00C04F79EFBC}") = "FractionTask", "FractionTask\FractionTask.csproj", "{1936175B-597A-407E-A0E1-98498BEEDE5E}"
EndProject
Project("{FAE04EC0-301F-11D3-BF4B-00C04F79EFBC}") = "FractionTests", "FractionTests\FractionTests.csproj", "{BCBA3109-C957-427A-BD4B-911941C4B84A}"
EndProject
Global
	GlobalSection(SolutionConfigurationPlatforms) = preSolution
		Debug|Any CPU = Debug|Any CPU
		Release|Any CPU = Release|Any CPU
	EndGlobalSection
	GlobalSection(ProjectConfigurationPlatforms) = postSolution
		{1936175B-597A-407E-A0E1-98498BEEDE5E}.Debug|Any CPU.ActiveCfg = Debug|Any CPU
		{1936175B-597A-407E-A0E1-98498BEEDE5E}.Debug|Any CPU.Build.0 = Debug|Any CPU
		{1936175B-597A-407E-A0E1-98498BEEDE5E}.Release|Any CPU.ActiveCfg = Release|Any CPU
		{1936175B-597A-407E-A0E1-98498BEEDE5E}.Release|Any CPU.Build.0 = Release|Any CPU
		{BCBA3109-C957-427A-BD4B-911941C4B84A}.Debug|Any CPU.ActiveCfg = Debug|Any CPU
		{BCBA3109-C957-427A-BD4B-911941C4B84A}.Debug|Any CPU.Build.0 = Debug|Any CPU
		{BCBA3109-C957-427A-BD4B-911941C4B84A}.Release|Any CPU.ActiveCfg = Release|Any CPU
		{BCBA3109-C957-427A-BD4B-911941C4B84A}.Release|Any CPU.Build.0 = Release|Any CPU
	EndGlobalSection
	GlobalSection(SolutionProperties) = preSolution
		HideSolutionNode = FALSE
	EndGlobalSection
	GlobalSection(ExtensibilityGlobals) = postSolution
		SolutionGuid = {572D975D-A174-4FBF-852E-6538BB5AFB9B}
	EndGlobalSection
EndGlobal
